
Microsoft Visual Studio Solution File, Format Version 12.00
# Visual Studio Version 16
VisualStudioVersion = 16.0.30804.86
MinimumVisualStudioVersion = 10.0.40219.1
Project("{8BC9CEB8-8B4A-11D0-8D11-00A0C91BC942}") = "2090_조화평균", "2090_조화평균\2090_조화평균.vcxproj", "{74FB37ED-2565-4E76-9604-0C465B27B928}"
EndProject
Global
	GlobalSection(SolutionConfigurationPlatforms) = preSolution
		Debug|x64 = Debug|x64
		Debug|x86 = Debug|x86
		Release|x64 = Release|x64
		Release|x86 = Release|x86
	EndGlobalSection
	GlobalSection(ProjectConfigurationPlatforms) = postSolution
		{74FB37ED-2565-4E76-9604-0C465B27B928}.Debug|x64.ActiveCfg = Debug|x64
		{74FB37ED-2565-4E76-9604-0C465B27B928}.Debug|x64.Build.0 = Debug|x64
		{74FB37ED-2565-4E76-9604-0C465B27B928}.Debug|x86.ActiveCfg = Debug|Win32
		{74FB37ED-2565-4E76-9604-0C465B27B928}.Debug|x86.Build.0 = Debug|Win32
		{74FB37ED-2565-4E76-9604-0C465B27B928}.Release|x64.ActiveCfg = Release|x64
		{74FB37ED-2565-4E76-9604-0C465B27B928}.Release|x64.Build.0 = Release|x64
		{74FB37ED-2565-4E76-9604-0C465B27B928}.Release|x86.ActiveCfg = Release|Win32
		{74FB37ED-2565-4E76-9604-0C465B27B928}.Release|x86.Build.0 = Release|Win32
	EndGlobalSection
	GlobalSection(SolutionProperties) = preSolution
		HideSolutionNode = FALSE
	EndGlobalSection
	GlobalSection(ExtensibilityGlobals) = postSolution
		SolutionGuid = {126FEF93-497A-4214-8405-4819DFAC368F}
	EndGlobalSection
EndGlobal
