
Microsoft Visual Studio Solution File, Format Version 12.00
# Visual Studio Version 16
VisualStudioVersion = 16.0.30804.86
MinimumVisualStudioVersion = 10.0.40219.1
Project("{8BC9CEB8-8B4A-11D0-8D11-00A0C91BC942}") = "2609_최대공약수와최소공배수", "2609_최대공약수와최소공배수\2609_최대공약수와최소공배수.vcxproj", "{8ABBA10C-081A-4B35-8019-30CF2FF806B5}"
EndProject
Global
	GlobalSection(SolutionConfigurationPlatforms) = preSolution
		Debug|x64 = Debug|x64
		Debug|x86 = Debug|x86
		Release|x64 = Release|x64
		Release|x86 = Release|x86
	EndGlobalSection
	GlobalSection(ProjectConfigurationPlatforms) = postSolution
		{8ABBA10C-081A-4B35-8019-30CF2FF806B5}.Debug|x64.ActiveCfg = Debug|x64
		{8ABBA10C-081A-4B35-8019-30CF2FF806B5}.Debug|x64.Build.0 = Debug|x64
		{8ABBA10C-081A-4B35-8019-30CF2FF806B5}.Debug|x86.ActiveCfg = Debug|Win32
		{8ABBA10C-081A-4B35-8019-30CF2FF806B5}.Debug|x86.Build.0 = Debug|Win32
		{8ABBA10C-081A-4B35-8019-30CF2FF806B5}.Release|x64.ActiveCfg = Release|x64
		{8ABBA10C-081A-4B35-8019-30CF2FF806B5}.Release|x64.Build.0 = Release|x64
		{8ABBA10C-081A-4B35-8019-30CF2FF806B5}.Release|x86.ActiveCfg = Release|Win32
		{8ABBA10C-081A-4B35-8019-30CF2FF806B5}.Release|x86.Build.0 = Release|Win32
	EndGlobalSection
	GlobalSection(SolutionProperties) = preSolution
		HideSolutionNode = FALSE
	EndGlobalSection
	GlobalSection(ExtensibilityGlobals) = postSolution
		SolutionGuid = {A0DD360F-321E-41A0-933B-E0370F0033DB}
	EndGlobalSection
EndGlobal
