
Microsoft Visual Studio Solution File, Format Version 12.00
# Visual Studio Version 16
VisualStudioVersion = 16.0.30717.126
MinimumVisualStudioVersion = 10.0.40219.1
Project("{8BC9CEB8-8B4A-11D0-8D11-00A0C91BC942}") = "4948_베르트랑공준", "4948_베르트랑공준\4948_베르트랑공준.vcxproj", "{60A725AA-96C2-4625-94E8-C2705BEEFC05}"
EndProject
Global
	GlobalSection(SolutionConfigurationPlatforms) = preSolution
		Debug|x64 = Debug|x64
		Debug|x86 = Debug|x86
		Release|x64 = Release|x64
		Release|x86 = Release|x86
	EndGlobalSection
	GlobalSection(ProjectConfigurationPlatforms) = postSolution
		{60A725AA-96C2-4625-94E8-C2705BEEFC05}.Debug|x64.ActiveCfg = Debug|x64
		{60A725AA-96C2-4625-94E8-C2705BEEFC05}.Debug|x64.Build.0 = Debug|x64
		{60A725AA-96C2-4625-94E8-C2705BEEFC05}.Debug|x86.ActiveCfg = Debug|Win32
		{60A725AA-96C2-4625-94E8-C2705BEEFC05}.Debug|x86.Build.0 = Debug|Win32
		{60A725AA-96C2-4625-94E8-C2705BEEFC05}.Release|x64.ActiveCfg = Release|x64
		{60A725AA-96C2-4625-94E8-C2705BEEFC05}.Release|x64.Build.0 = Release|x64
		{60A725AA-96C2-4625-94E8-C2705BEEFC05}.Release|x86.ActiveCfg = Release|Win32
		{60A725AA-96C2-4625-94E8-C2705BEEFC05}.Release|x86.Build.0 = Release|Win32
	EndGlobalSection
	GlobalSection(SolutionProperties) = preSolution
		HideSolutionNode = FALSE
	EndGlobalSection
	GlobalSection(ExtensibilityGlobals) = postSolution
		SolutionGuid = {AB115756-7788-4C5F-AAF1-D90F368E2A02}
	EndGlobalSection
EndGlobal
