
Microsoft Visual Studio Solution File, Format Version 12.00
# Visual Studio Version 16
VisualStudioVersion = 16.0.30907.101
MinimumVisualStudioVersion = 10.0.40219.1
Project("{8BC9CEB8-8B4A-11D0-8D11-00A0C91BC942}") = "4673_셀프넘버", "4673_셀프넘버\4673_셀프넘버.vcxproj", "{81D0BAC3-77AD-4E3C-87CA-5E2391837520}"
EndProject
Global
	GlobalSection(SolutionConfigurationPlatforms) = preSolution
		Debug|x64 = Debug|x64
		Debug|x86 = Debug|x86
		Release|x64 = Release|x64
		Release|x86 = Release|x86
	EndGlobalSection
	GlobalSection(ProjectConfigurationPlatforms) = postSolution
		{81D0BAC3-77AD-4E3C-87CA-5E2391837520}.Debug|x64.ActiveCfg = Debug|x64
		{81D0BAC3-77AD-4E3C-87CA-5E2391837520}.Debug|x64.Build.0 = Debug|x64
		{81D0BAC3-77AD-4E3C-87CA-5E2391837520}.Debug|x86.ActiveCfg = Debug|Win32
		{81D0BAC3-77AD-4E3C-87CA-5E2391837520}.Debug|x86.Build.0 = Debug|Win32
		{81D0BAC3-77AD-4E3C-87CA-5E2391837520}.Release|x64.ActiveCfg = Release|x64
		{81D0BAC3-77AD-4E3C-87CA-5E2391837520}.Release|x64.Build.0 = Release|x64
		{81D0BAC3-77AD-4E3C-87CA-5E2391837520}.Release|x86.ActiveCfg = Release|Win32
		{81D0BAC3-77AD-4E3C-87CA-5E2391837520}.Release|x86.Build.0 = Release|Win32
	EndGlobalSection
	GlobalSection(SolutionProperties) = preSolution
		HideSolutionNode = FALSE
	EndGlobalSection
	GlobalSection(ExtensibilityGlobals) = postSolution
		SolutionGuid = {D09C4E39-0D21-4068-8A47-3D835F2D85B9}
	EndGlobalSection
EndGlobal
